
Microsoft Visual Studio Solution File, Format Version 12.00
# Visual Studio 15
VisualStudioVersion = 15.0.26124.0
MinimumVisualStudioVersion = 15.0.26124.0
Project("{FAE04EC0-301F-11D3-BF4B-00C04F79EFBC}") = "PersonalBlog.Api", "PersonalBlog.Api\PersonalBlog.Api.csproj", "{07FA8278-7AB7-4D4A-BC42-94FE422688F6}"
EndProject
Project("{FAE04EC0-301F-11D3-BF4B-00C04F79EFBC}") = "PersonalBlog.Business", "PersonalBlog.Business\PersonalBlog.Business.csproj", "{273A40D0-BD19-45E8-9B43-1FEC6374FBF1}"
EndProject
Project("{FAE04EC0-301F-11D3-BF4B-00C04F79EFBC}") = "PersonalBlog.Domain", "PersonalBlog.Domain\PersonalBlog.Domain.csproj", "{6C7D647D-B76A-43E2-9DE5-55BF7A19FEE5}"
EndProject
Project("{FAE04EC0-301F-11D3-BF4B-00C04F79EFBC}") = "PersonalBlog.Persistence", "PersonalBlog.Persistence\PersonalBlog.Persistence.csproj", "{AFFC4356-5B3B-4CE7-AF55-238866AC6EA9}"
EndProject
Project("{FAE04EC0-301F-11D3-BF4B-00C04F79EFBC}") = "PersonalBlog.Business.Tests", "PersonalBlog.Business.Tests\PersonalBlog.Business.Tests.csproj", "{4AA46A75-B3C7-40C1-8862-6930ACE75BD0}"
EndProject
Global
	GlobalSection(SolutionConfigurationPlatforms) = preSolution
		Debug|Any CPU = Debug|Any CPU
		Debug|x64 = Debug|x64
		Debug|x86 = Debug|x86
		Release|Any CPU = Release|Any CPU
		Release|x64 = Release|x64
		Release|x86 = Release|x86
	EndGlobalSection
	GlobalSection(SolutionProperties) = preSolution
		HideSolutionNode = FALSE
	EndGlobalSection
	GlobalSection(ProjectConfigurationPlatforms) = postSolution
		{07FA8278-7AB7-4D4A-BC42-94FE422688F6}.Debug|Any CPU.ActiveCfg = Debug|Any CPU
		{07FA8278-7AB7-4D4A-BC42-94FE422688F6}.Debug|Any CPU.Build.0 = Debug|Any CPU
		{07FA8278-7AB7-4D4A-BC42-94FE422688F6}.Debug|x64.ActiveCfg = Debug|Any CPU
		{07FA8278-7AB7-4D4A-BC42-94FE422688F6}.Debug|x64.Build.0 = Debug|Any CPU
		{07FA8278-7AB7-4D4A-BC42-94FE422688F6}.Debug|x86.ActiveCfg = Debug|Any CPU
		{07FA8278-7AB7-4D4A-BC42-94FE422688F6}.Debug|x86.Build.0 = Debug|Any CPU
		{07FA8278-7AB7-4D4A-BC42-94FE422688F6}.Release|Any CPU.ActiveCfg = Release|Any CPU
		{07FA8278-7AB7-4D4A-BC42-94FE422688F6}.Release|Any CPU.Build.0 = Release|Any CPU
		{07FA8278-7AB7-4D4A-BC42-94FE422688F6}.Release|x64.ActiveCfg = Release|Any CPU
		{07FA8278-7AB7-4D4A-BC42-94FE422688F6}.Release|x64.Build.0 = Release|Any CPU
		{07FA8278-7AB7-4D4A-BC42-94FE422688F6}.Release|x86.ActiveCfg = Release|Any CPU
		{07FA8278-7AB7-4D4A-BC42-94FE422688F6}.Release|x86.Build.0 = Release|Any CPU
		{273A40D0-BD19-45E8-9B43-1FEC6374FBF1}.Debug|Any CPU.ActiveCfg = Debug|Any CPU
		{273A40D0-BD19-45E8-9B43-1FEC6374FBF1}.Debug|Any CPU.Build.0 = Debug|Any CPU
		{273A40D0-BD19-45E8-9B43-1FEC6374FBF1}.Debug|x64.ActiveCfg = Debug|Any CPU
		{273A40D0-BD19-45E8-9B43-1FEC6374FBF1}.Debug|x64.Build.0 = Debug|Any CPU
		{273A40D0-BD19-45E8-9B43-1FEC6374FBF1}.Debug|x86.ActiveCfg = Debug|Any CPU
		{273A40D0-BD19-45E8-9B43-1FEC6374FBF1}.Debug|x86.Build.0 = Debug|Any CPU
		{273A40D0-BD19-45E8-9B43-1FEC6374FBF1}.Release|Any CPU.ActiveCfg = Release|Any CPU
		{273A40D0-BD19-45E8-9B43-1FEC6374FBF1}.Release|Any CPU.Build.0 = Release|Any CPU
		{273A40D0-BD19-45E8-9B43-1FEC6374FBF1}.Release|x64.ActiveCfg = Release|Any CPU
		{273A40D0-BD19-45E8-9B43-1FEC6374FBF1}.Release|x64.Build.0 = Release|Any CPU
		{273A40D0-BD19-45E8-9B43-1FEC6374FBF1}.Release|x86.ActiveCfg = Release|Any CPU
		{273A40D0-BD19-45E8-9B43-1FEC6374FBF1}.Release|x86.Build.0 = Release|Any CPU
		{6C7D647D-B76A-43E2-9DE5-55BF7A19FEE5}.Debug|Any CPU.ActiveCfg = Debug|Any CPU
		{6C7D647D-B76A-43E2-9DE5-55BF7A19FEE5}.Debug|Any CPU.Build.0 = Debug|Any CPU
		{6C7D647D-B76A-43E2-9DE5-55BF7A19FEE5}.Debug|x64.ActiveCfg = Debug|Any CPU
		{6C7D647D-B76A-43E2-9DE5-55BF7A19FEE5}.Debug|x64.Build.0 = Debug|Any CPU
		{6C7D647D-B76A-43E2-9DE5-55BF7A19FEE5}.Debug|x86.ActiveCfg = Debug|Any CPU
		{6C7D647D-B76A-43E2-9DE5-55BF7A19FEE5}.Debug|x86.Build.0 = Debug|Any CPU
		{6C7D647D-B76A-43E2-9DE5-55BF7A19FEE5}.Release|Any CPU.ActiveCfg = Release|Any CPU
		{6C7D647D-B76A-43E2-9DE5-55BF7A19FEE5}.Release|Any CPU.Build.0 = Release|Any CPU
		{6C7D647D-B76A-43E2-9DE5-55BF7A19FEE5}.Release|x64.ActiveCfg = Release|Any CPU
		{6C7D647D-B76A-43E2-9DE5-55BF7A19FEE5}.Release|x64.Build.0 = Release|Any CPU
		{6C7D647D-B76A-43E2-9DE5-55BF7A19FEE5}.Release|x86.ActiveCfg = Release|Any CPU
		{6C7D647D-B76A-43E2-9DE5-55BF7A19FEE5}.Release|x86.Build.0 = Release|Any CPU
		{AFFC4356-5B3B-4CE7-AF55-238866AC6EA9}.Debug|Any CPU.ActiveCfg = Debug|Any CPU
		{AFFC4356-5B3B-4CE7-AF55-238866AC6EA9}.Debug|Any CPU.Build.0 = Debug|Any CPU
		{AFFC4356-5B3B-4CE7-AF55-238866AC6EA9}.Debug|x64.ActiveCfg = Debug|Any CPU
		{AFFC4356-5B3B-4CE7-AF55-238866AC6EA9}.Debug|x64.Build.0 = Debug|Any CPU
		{AFFC4356-5B3B-4CE7-AF55-238866AC6EA9}.Debug|x86.ActiveCfg = Debug|Any CPU
		{AFFC4356-5B3B-4CE7-AF55-238866AC6EA9}.Debug|x86.Build.0 = Debug|Any CPU
		{AFFC4356-5B3B-4CE7-AF55-238866AC6EA9}.Release|Any CPU.ActiveCfg = Release|Any CPU
		{AFFC4356-5B3B-4CE7-AF55-238866AC6EA9}.Release|Any CPU.Build.0 = Release|Any CPU
		{AFFC4356-5B3B-4CE7-AF55-238866AC6EA9}.Release|x64.ActiveCfg = Release|Any CPU
		{AFFC4356-5B3B-4CE7-AF55-238866AC6EA9}.Release|x64.Build.0 = Release|Any CPU
		{AFFC4356-5B3B-4CE7-AF55-238866AC6EA9}.Release|x86.ActiveCfg = Release|Any CPU
		{AFFC4356-5B3B-4CE7-AF55-238866AC6EA9}.Release|x86.Build.0 = Release|Any CPU
		{4AA46A75-B3C7-40C1-8862-6930ACE75BD0}.Debug|Any CPU.ActiveCfg = Debug|Any CPU
		{4AA46A75-B3C7-40C1-8862-6930ACE75BD0}.Debug|Any CPU.Build.0 = Debug|Any CPU
		{4AA46A75-B3C7-40C1-8862-6930ACE75BD0}.Debug|x64.ActiveCfg = Debug|Any CPU
		{4AA46A75-B3C7-40C1-8862-6930ACE75BD0}.Debug|x64.Build.0 = Debug|Any CPU
		{4AA46A75-B3C7-40C1-8862-6930ACE75BD0}.Debug|x86.ActiveCfg = Debug|Any CPU
		{4AA46A75-B3C7-40C1-8862-6930ACE75BD0}.Debug|x86.Build.0 = Debug|Any CPU
		{4AA46A75-B3C7-40C1-8862-6930ACE75BD0}.Release|Any CPU.ActiveCfg = Release|Any CPU
		{4AA46A75-B3C7-40C1-8862-6930ACE75BD0}.Release|Any CPU.Build.0 = Release|Any CPU
		{4AA46A75-B3C7-40C1-8862-6930ACE75BD0}.Release|x64.ActiveCfg = Release|Any CPU
		{4AA46A75-B3C7-40C1-8862-6930ACE75BD0}.Release|x64.Build.0 = Release|Any CPU
		{4AA46A75-B3C7-40C1-8862-6930ACE75BD0}.Release|x86.ActiveCfg = Release|Any CPU
		{4AA46A75-B3C7-40C1-8862-6930ACE75BD0}.Release|x86.Build.0 = Release|Any CPU
	EndGlobalSection
EndGlobal
